// !$*UTF8*$!
{
	archiveVersion = 1;
	classes = {
	};
	objectVersion = 48;
	objects = {

/* Begin PBXBuildFile section */
		3428E4792083AF200058C07F /* Utilities.swift in Sources */ = {isa = PBXBuildFile; fileRef = 3428E4782083AF200058C07F /* Utilities.swift */; };
		3428E47E2083B0170058C07F /* Plane.swift in Sources */ = {isa = PBXBuildFile; fileRef = 3428E47D2083B0170058C07F /* Plane.swift */; };
		34527849208254BE003D3ECD /* Bullet.swift in Sources */ = {isa = PBXBuildFile; fileRef = 34527848208254BE003D3ECD /* Bullet.swift */; };
		3452784B2082550A003D3ECD /* Alien.swift in Sources */ = {isa = PBXBuildFile; fileRef = 3452784A2082550A003D3ECD /* Alien.swift */; };
		3452784D2082557C003D3ECD /* CollisonCategory.swift in Sources */ = {isa = PBXBuildFile; fileRef = 3452784C2082557C003D3ECD /* CollisonCategory.swift */; };
		3459C809208B4326002F1F05 /* explosion.mp3 in Resources */ = {isa = PBXBuildFile; fileRef = 3459C808208B4326002F1F05 /* explosion.mp3 */; };
		34BA88EC208291B5004D57EC /* HomeTabViewController+ARSCNViewDelegate.swift in Sources */ = {isa = PBXBuildFile; fileRef = 34BA88EB208291B5004D57EC /* HomeTabViewController+ARSCNViewDelegate.swift */; };
		34FCE9A3207821C300B46476 /* AppDelegate.swift in Sources */ = {isa = PBXBuildFile; fileRef = 34FCE9A2207821C300B46476 /* AppDelegate.swift */; };
		34FCE9A5207821C300B46476 /* art.scnassets in Resources */ = {isa = PBXBuildFile; fileRef = 34FCE9A4207821C300B46476 /* art.scnassets */; };
		34FCE9A7207821C300B46476 /* HomeViewController.swift in Sources */ = {isa = PBXBuildFile; fileRef = 34FCE9A6207821C300B46476 /* HomeViewController.swift */; };
		34FCE9AA207821C300B46476 /* Main.storyboard in Resources */ = {isa = PBXBuildFile; fileRef = 34FCE9A8207821C300B46476 /* Main.storyboard */; };
		34FCE9AC207821C300B46476 /* Assets.xcassets in Resources */ = {isa = PBXBuildFile; fileRef = 34FCE9AB207821C300B46476 /* Assets.xcassets */; };
		34FCE9AF207821C300B46476 /* LaunchScreen.storyboard in Resources */ = {isa = PBXBuildFile; fileRef = 34FCE9AD207821C300B46476 /* LaunchScreen.storyboard */; };
		34FCE9B72078259400B46476 /* QuestViewController.swift in Sources */ = {isa = PBXBuildFile; fileRef = 34FCE9B62078259400B46476 /* QuestViewController.swift */; };
		5071740A208D0B0400701461 /* FSPagerCollectionView.swift in Sources */ = {isa = PBXBuildFile; fileRef = 50717403208D0B0300701461 /* FSPagerCollectionView.swift */; };
		5071740B208D0B0400701461 /* FSPageViewTransformer.swift in Sources */ = {isa = PBXBuildFile; fileRef = 50717404208D0B0300701461 /* FSPageViewTransformer.swift */; };
		5071740C208D0B0400701461 /* FSPagerViewLayoutAttributes.swift in Sources */ = {isa = PBXBuildFile; fileRef = 50717405208D0B0300701461 /* FSPagerViewLayoutAttributes.swift */; };
		5071740D208D0B0400701461 /* FSPagerView.swift in Sources */ = {isa = PBXBuildFile; fileRef = 50717406208D0B0300701461 /* FSPagerView.swift */; };
		5071740E208D0B0400701461 /* FSPageControl.swift in Sources */ = {isa = PBXBuildFile; fileRef = 50717407208D0B0300701461 /* FSPageControl.swift */; };
		5071740F208D0B0400701461 /* FSPageViewLayout.swift in Sources */ = {isa = PBXBuildFile; fileRef = 50717408208D0B0300701461 /* FSPageViewLayout.swift */; };
		50717410208D0B0400701461 /* FSPagerViewCell.swift in Sources */ = {isa = PBXBuildFile; fileRef = 50717409208D0B0300701461 /* FSPagerViewCell.swift */; };
		50717413208D14B700701461 /* CollectionViewCell.swift in Sources */ = {isa = PBXBuildFile; fileRef = 50717411208D14B700701461 /* CollectionViewCell.swift */; };
		50717414208D14B700701461 /* CollectionViewCell.xib in Resources */ = {isa = PBXBuildFile; fileRef = 50717412208D14B700701461 /* CollectionViewCell.xib */; };
		5071741A208FCB7500701461 /* ChallengeInfoViewController.swift in Sources */ = {isa = PBXBuildFile; fileRef = 50717419208FCB7500701461 /* ChallengeInfoViewController.swift */; };
/* End PBXBuildFile section */

/* Begin PBXFileReference section */
		24C07539FD4F64704658165B /* Pods-EnigmaAR.release.xcconfig */ = {isa = PBXFileReference; includeInIndex = 1; lastKnownFileType = text.xcconfig; name = "Pods-EnigmaAR.release.xcconfig"; path = "Pods/Target Support Files/Pods-EnigmaAR/Pods-EnigmaAR.release.xcconfig"; sourceTree = "<group>"; };
		3428E4782083AF200058C07F /* Utilities.swift */ = {isa = PBXFileReference; lastKnownFileType = sourcecode.swift; path = Utilities.swift; sourceTree = "<group>"; };
		3428E47D2083B0170058C07F /* Plane.swift */ = {isa = PBXFileReference; lastKnownFileType = sourcecode.swift; path = Plane.swift; sourceTree = "<group>"; };
		34527848208254BE003D3ECD /* Bullet.swift */ = {isa = PBXFileReference; lastKnownFileType = sourcecode.swift; path = Bullet.swift; sourceTree = "<group>"; };
		3452784A2082550A003D3ECD /* Alien.swift */ = {isa = PBXFileReference; lastKnownFileType = sourcecode.swift; path = Alien.swift; sourceTree = "<group>"; };
		3452784C2082557C003D3ECD /* CollisonCategory.swift */ = {isa = PBXFileReference; lastKnownFileType = sourcecode.swift; path = CollisonCategory.swift; sourceTree = "<group>"; };
		3459C808208B4326002F1F05 /* explosion.mp3 */ = {isa = PBXFileReference; lastKnownFileType = audio.mp3; path = explosion.mp3; sourceTree = "<group>"; };
		34BA88EB208291B5004D57EC /* HomeTabViewController+ARSCNViewDelegate.swift */ = {isa = PBXFileReference; lastKnownFileType = sourcecode.swift; path = "HomeTabViewController+ARSCNViewDelegate.swift"; sourceTree = "<group>"; };
		34FCE99F207821C300B46476 /* EnigmaAR.app */ = {isa = PBXFileReference; explicitFileType = wrapper.application; includeInIndex = 0; path = EnigmaAR.app; sourceTree = BUILT_PRODUCTS_DIR; };
		34FCE9A2207821C300B46476 /* AppDelegate.swift */ = {isa = PBXFileReference; lastKnownFileType = sourcecode.swift; path = AppDelegate.swift; sourceTree = "<group>"; };
		34FCE9A4207821C300B46476 /* art.scnassets */ = {isa = PBXFileReference; lastKnownFileType = wrapper.scnassets; path = art.scnassets; sourceTree = "<group>"; };
		34FCE9A6207821C300B46476 /* HomeViewController.swift */ = {isa = PBXFileReference; lastKnownFileType = sourcecode.swift; path = HomeViewController.swift; sourceTree = "<group>"; };
		34FCE9A9207821C300B46476 /* Base */ = {isa = PBXFileReference; lastKnownFileType = file.storyboard; name = Base; path = Base.lproj/Main.storyboard; sourceTree = "<group>"; };
		34FCE9AB207821C300B46476 /* Assets.xcassets */ = {isa = PBXFileReference; lastKnownFileType = folder.assetcatalog; path = Assets.xcassets; sourceTree = "<group>"; };
		34FCE9AE207821C300B46476 /* Base */ = {isa = PBXFileReference; lastKnownFileType = file.storyboard; name = Base; path = Base.lproj/LaunchScreen.storyboard; sourceTree = "<group>"; };
		34FCE9B0207821C300B46476 /* Info.plist */ = {isa = PBXFileReference; lastKnownFileType = text.plist.xml; path = Info.plist; sourceTree = "<group>"; };
		34FCE9B62078259400B46476 /* QuestViewController.swift */ = {isa = PBXFileReference; lastKnownFileType = sourcecode.swift; path = QuestViewController.swift; sourceTree = "<group>"; };
		50717403208D0B0300701461 /* FSPagerCollectionView.swift */ = {isa = PBXFileReference; fileEncoding = 4; lastKnownFileType = sourcecode.swift; path = FSPagerCollectionView.swift; sourceTree = "<group>"; };
		50717404208D0B0300701461 /* FSPageViewTransformer.swift */ = {isa = PBXFileReference; fileEncoding = 4; lastKnownFileType = sourcecode.swift; path = FSPageViewTransformer.swift; sourceTree = "<group>"; };
		50717405208D0B0300701461 /* FSPagerViewLayoutAttributes.swift */ = {isa = PBXFileReference; fileEncoding = 4; lastKnownFileType = sourcecode.swift; path = FSPagerViewLayoutAttributes.swift; sourceTree = "<group>"; };
		50717406208D0B0300701461 /* FSPagerView.swift */ = {isa = PBXFileReference; fileEncoding = 4; lastKnownFileType = sourcecode.swift; path = FSPagerView.swift; sourceTree = "<group>"; };
		50717407208D0B0300701461 /* FSPageControl.swift */ = {isa = PBXFileReference; fileEncoding = 4; lastKnownFileType = sourcecode.swift; path = FSPageControl.swift; sourceTree = "<group>"; };
		50717408208D0B0300701461 /* FSPageViewLayout.swift */ = {isa = PBXFileReference; fileEncoding = 4; lastKnownFileType = sourcecode.swift; path = FSPageViewLayout.swift; sourceTree = "<group>"; };
		50717409208D0B0300701461 /* FSPagerViewCell.swift */ = {isa = PBXFileReference; fileEncoding = 4; lastKnownFileType = sourcecode.swift; path = FSPagerViewCell.swift; sourceTree = "<group>"; };
		50717411208D14B700701461 /* CollectionViewCell.swift */ = {isa = PBXFileReference; lastKnownFileType = sourcecode.swift; path = CollectionViewCell.swift; sourceTree = "<group>"; };
		50717412208D14B700701461 /* CollectionViewCell.xib */ = {isa = PBXFileReference; lastKnownFileType = file.xib; path = CollectionViewCell.xib; sourceTree = "<group>"; };
		50717419208FCB7500701461 /* ChallengeInfoViewController.swift */ = {isa = PBXFileReference; lastKnownFileType = sourcecode.swift; path = ChallengeInfoViewController.swift; sourceTree = "<group>"; };
		FD13DEE8F9463E08EB8AACF3 /* Pods-EnigmaAR.debug.xcconfig */ = {isa = PBXFileReference; includeInIndex = 1; lastKnownFileType = text.xcconfig; name = "Pods-EnigmaAR.debug.xcconfig"; path = "Pods/Target Support Files/Pods-EnigmaAR/Pods-EnigmaAR.debug.xcconfig"; sourceTree = "<group>"; };
/* End PBXFileReference section */

/* Begin PBXFrameworksBuildPhase section */
		34FCE99C207821C300B46476 /* Frameworks */ = {
			isa = PBXFrameworksBuildPhase;
			buildActionMask = 2147483647;
			files = (
			);
			runOnlyForDeploymentPostprocessing = 0;
		};
/* End PBXFrameworksBuildPhase section */

/* Begin PBXGroup section */
		3428E47A2083AFF20058C07F /* UI Elements */ = {
			isa = PBXGroup;
			children = (
				3452784C2082557C003D3ECD /* CollisonCategory.swift */,
				34527848208254BE003D3ECD /* Bullet.swift */,
				3452784A2082550A003D3ECD /* Alien.swift */,
				3428E47D2083B0170058C07F /* Plane.swift */,
			);
			name = "UI Elements";
			path = "New Group";
			sourceTree = "<group>";
		};
		3459C806208B41FE002F1F05 /* Game Flow */ = {
			isa = PBXGroup;
			children = (
			);
			path = "Game Flow";
			sourceTree = "<group>";
		};
		3459C807208B4307002F1F05 /* Sounds */ = {
			isa = PBXGroup;
			children = (
				3459C808208B4326002F1F05 /* explosion.mp3 */,
			);
			path = Sounds;
			sourceTree = "<group>";
		};
		34FCE996207821C300B46476 = {
			isa = PBXGroup;
			children = (
				34FCE9A1207821C300B46476 /* EnigmaAR */,
				34FCE9A0207821C300B46476 /* Products */,
				6C3C6980E30B873296E7D03A /* Pods */,
				EFDD1F5A4A63853E4868513D /* Frameworks */,
			);
			sourceTree = "<group>";
		};
		34FCE9A0207821C300B46476 /* Products */ = {
			isa = PBXGroup;
			children = (
				34FCE99F207821C300B46476 /* EnigmaAR.app */,
			);
			name = Products;
			sourceTree = "<group>";
		};
		34FCE9A1207821C300B46476 /* EnigmaAR */ = {
			isa = PBXGroup;
			children = (
				50717402208D0AF400701461 /* FSPage */,
				34FCE9A2207821C300B46476 /* AppDelegate.swift */,
				3459C807208B4307002F1F05 /* Sounds */,
				34FCE9A4207821C300B46476 /* art.scnassets */,
				34FCE9B62078259400B46476 /* QuestViewController.swift */,
				34FCE9A6207821C300B46476 /* HomeViewController.swift */,
				34BA88EB208291B5004D57EC /* HomeTabViewController+ARSCNViewDelegate.swift */,
				34FCE9A8207821C300B46476 /* Main.storyboard */,
				50717411208D14B700701461 /* CollectionViewCell.swift */,
				50717419208FCB7500701461 /* ChallengeInfoViewController.swift */,
				50717412208D14B700701461 /* CollectionViewCell.xib */,
				34FCE9AB207821C300B46476 /* Assets.xcassets */,
				3428E4782083AF200058C07F /* Utilities.swift */,
				34FCE9AD207821C300B46476 /* LaunchScreen.storyboard */,
				34FCE9B0207821C300B46476 /* Info.plist */,
				3459C806208B41FE002F1F05 /* Game Flow */,
				3428E47A2083AFF20058C07F /* UI Elements */,
			);
			path = EnigmaAR;
			sourceTree = "<group>";
		};
		50717402208D0AF400701461 /* FSPage */ = {
			isa = PBXGroup;
			children = (
				50717407208D0B0300701461 /* FSPageControl.swift */,
				50717403208D0B0300701461 /* FSPagerCollectionView.swift */,
				50717406208D0B0300701461 /* FSPagerView.swift */,
				50717409208D0B0300701461 /* FSPagerViewCell.swift */,
				50717405208D0B0300701461 /* FSPagerViewLayoutAttributes.swift */,
				50717408208D0B0300701461 /* FSPageViewLayout.swift */,
				50717404208D0B0300701461 /* FSPageViewTransformer.swift */,
			);
			path = FSPage;
			sourceTree = "<group>";
		};
		6C3C6980E30B873296E7D03A /* Pods */ = {
			isa = PBXGroup;
			children = (
				FD13DEE8F9463E08EB8AACF3 /* Pods-EnigmaAR.debug.xcconfig */,
				24C07539FD4F64704658165B /* Pods-EnigmaAR.release.xcconfig */,
			);
			name = Pods;
			sourceTree = "<group>";
		};
		EFDD1F5A4A63853E4868513D /* Frameworks */ = {
			isa = PBXGroup;
			children = (
			);
			name = Frameworks;
			sourceTree = "<group>";
		};
/* End PBXGroup section */

/* Begin PBXNativeTarget section */
		34FCE99E207821C300B46476 /* EnigmaAR */ = {
			isa = PBXNativeTarget;
			buildConfigurationList = 34FCE9B3207821C300B46476 /* Build configuration list for PBXNativeTarget "EnigmaAR" */;
			buildPhases = (
				359CB70C3524D0F2F8065CA7 /* [CP] Check Pods Manifest.lock */,
				34FCE99B207821C300B46476 /* Sources */,
				34FCE99C207821C300B46476 /* Frameworks */,
				34FCE99D207821C300B46476 /* Resources */,
			);
			buildRules = (
			);
			dependencies = (
			);
			name = EnigmaAR;
			productName = EnigmaAR;
			productReference = 34FCE99F207821C300B46476 /* EnigmaAR.app */;
			productType = "com.apple.product-type.application";
		};
/* End PBXNativeTarget section */

/* Begin PBXProject section */
		34FCE997207821C300B46476 /* Project object */ = {
			isa = PBXProject;
			attributes = {
				LastSwiftUpdateCheck = 0920;
				LastUpgradeCheck = 0930;
				ORGANIZATIONNAME = "Ido Chetrit";
				TargetAttributes = {
					34FCE99E207821C300B46476 = {
						CreatedOnToolsVersion = 9.2;
						ProvisioningStyle = Automatic;
					};
				};
			};
			buildConfigurationList = 34FCE99A207821C300B46476 /* Build configuration list for PBXProject "EnigmaAR" */;
			compatibilityVersion = "Xcode 8.0";
			developmentRegion = en;
			hasScannedForEncodings = 0;
			knownRegions = (
				en,
				Base,
			);
			mainGroup = 34FCE996207821C300B46476;
			productRefGroup = 34FCE9A0207821C300B46476 /* Products */;
			projectDirPath = "";
			projectRoot = "";
			targets = (
				34FCE99E207821C300B46476 /* EnigmaAR */,
			);
		};
/* End PBXProject section */

/* Begin PBXResourcesBuildPhase section */
		34FCE99D207821C300B46476 /* Resources */ = {
			isa = PBXResourcesBuildPhase;
			buildActionMask = 2147483647;
			files = (
				34FCE9A5207821C300B46476 /* art.scnassets in Resources */,
				34FCE9AF207821C300B46476 /* LaunchScreen.storyboard in Resources */,
				50717414208D14B700701461 /* CollectionViewCell.xib in Resources */,
				34FCE9AC207821C300B46476 /* Assets.xcassets in Resources */,
				34FCE9AA207821C300B46476 /* Main.storyboard in Resources */,
				3459C809208B4326002F1F05 /* explosion.mp3 in Resources */,
			);
			runOnlyForDeploymentPostprocessing = 0;
		};
/* End PBXResourcesBuildPhase section */

/* Begin PBXShellScriptBuildPhase section */
		359CB70C3524D0F2F8065CA7 /* [CP] Check Pods Manifest.lock */ = {
			isa = PBXShellScriptBuildPhase;
			buildActionMask = 2147483647;
			files = (
			);
			inputPaths = (
				"${PODS_PODFILE_DIR_PATH}/Podfile.lock",
				"${PODS_ROOT}/Manifest.lock",
			);
			name = "[CP] Check Pods Manifest.lock";
			outputPaths = (
				"$(DERIVED_FILE_DIR)/Pods-EnigmaAR-checkManifestLockResult.txt",
			);
			runOnlyForDeploymentPostprocessing = 0;
			shellPath = /bin/sh;
			shellScript = "diff \"${PODS_PODFILE_DIR_PATH}/Podfile.lock\" \"${PODS_ROOT}/Manifest.lock\" > /dev/null\nif [ $? != 0 ] ; then\n    # print error to STDERR\n    echo \"error: The sandbox is not in sync with the Podfile.lock. Run 'pod install' or update your CocoaPods installation.\" >&2\n    exit 1\nfi\n# This output is used by Xcode 'outputs' to avoid re-running this script phase.\necho \"SUCCESS\" > \"${SCRIPT_OUTPUT_FILE_0}\"\n";
			showEnvVarsInLog = 0;
		};
/* End PBXShellScriptBuildPhase section */

/* Begin PBXSourcesBuildPhase section */
		34FCE99B207821C300B46476 /* Sources */ = {
			isa = PBXSourcesBuildPhase;
			buildActionMask = 2147483647;
			files = (
				34FCE9A7207821C300B46476 /* HomeViewController.swift in Sources */,
				3428E47E2083B0170058C07F /* Plane.swift in Sources */,
				50717413208D14B700701461 /* CollectionViewCell.swift in Sources */,
				34BA88EC208291B5004D57EC /* HomeTabViewController+ARSCNViewDelegate.swift in Sources */,
				50717410208D0B0400701461 /* FSPagerViewCell.swift in Sources */,
				5071740D208D0B0400701461 /* FSPagerView.swift in Sources */,
				34FCE9A3207821C300B46476 /* AppDelegate.swift in Sources */,
				5071740C208D0B0400701461 /* FSPagerViewLayoutAttributes.swift in Sources */,
				34FCE9B72078259400B46476 /* QuestViewController.swift in Sources */,
				5071740E208D0B0400701461 /* FSPageControl.swift in Sources */,
				5071741A208FCB7500701461 /* ChallengeInfoViewController.swift in Sources */,
				5071740B208D0B0400701461 /* FSPageViewTransformer.swift in Sources */,
				3452784B2082550A003D3ECD /* Alien.swift in Sources */,
				3428E4792083AF200058C07F /* Utilities.swift in Sources */,
				5071740A208D0B0400701461 /* FSPagerCollectionView.swift in Sources */,
				5071740F208D0B0400701461 /* FSPageViewLayout.swift in Sources */,
				3452784D2082557C003D3ECD /* CollisonCategory.swift in Sources */,
				34527849208254BE003D3ECD /* Bullet.swift in Sources */,
			);
			runOnlyForDeploymentPostprocessing = 0;
		};
/* End PBXSourcesBuildPhase section */

/* Begin PBXVariantGroup section */
		34FCE9A8207821C300B46476 /* Main.storyboard */ = {
			isa = PBXVariantGroup;
			children = (
				34FCE9A9207821C300B46476 /* Base */,
			);
			name = Main.storyboard;
			sourceTree = "<group>";
		};
		34FCE9AD207821C300B46476 /* LaunchScreen.storyboard */ = {
			isa = PBXVariantGroup;
			children = (
				34FCE9AE207821C300B46476 /* Base */,
			);
			name = LaunchScreen.storyboard;
			sourceTree = "<group>";
		};
/* End PBXVariantGroup section */

/* Begin XCBuildConfiguration section */
		34FCE9B1207821C300B46476 /* Debug */ = {
			isa = XCBuildConfiguration;
			buildSettings = {
				ALWAYS_SEARCH_USER_PATHS = NO;
				CLANG_ANALYZER_NONNULL = YES;
				CLANG_ANALYZER_NUMBER_OBJECT_CONVERSION = YES_AGGRESSIVE;
				CLANG_CXX_LANGUAGE_STANDARD = "gnu++14";
				CLANG_CXX_LIBRARY = "libc++";
				CLANG_ENABLE_MODULES = YES;
				CLANG_ENABLE_OBJC_ARC = YES;
				CLANG_WARN_BLOCK_CAPTURE_AUTORELEASING = YES;
				CLANG_WARN_BOOL_CONVERSION = YES;
				CLANG_WARN_COMMA = YES;
				CLANG_WARN_CONSTANT_CONVERSION = YES;
				CLANG_WARN_DEPRECATED_OBJC_IMPLEMENTATIONS = YES;
				CLANG_WARN_DIRECT_OBJC_ISA_USAGE = YES_ERROR;
				CLANG_WARN_DOCUMENTATION_COMMENTS = YES;
				CLANG_WARN_EMPTY_BODY = YES;
				CLANG_WARN_ENUM_CONVERSION = YES;
				CLANG_WARN_INFINITE_RECURSION = YES;
				CLANG_WARN_INT_CONVERSION = YES;
				CLANG_WARN_NON_LITERAL_NULL_CONVERSION = YES;
				CLANG_WARN_OBJC_IMPLICIT_RETAIN_SELF = YES;
				CLANG_WARN_OBJC_LITERAL_CONVERSION = YES;
				CLANG_WARN_OBJC_ROOT_CLASS = YES_ERROR;
				CLANG_WARN_RANGE_LOOP_ANALYSIS = YES;
				CLANG_WARN_STRICT_PROTOTYPES = YES;
				CLANG_WARN_SUSPICIOUS_MOVE = YES;
				CLANG_WARN_UNGUARDED_AVAILABILITY = YES_AGGRESSIVE;
				CLANG_WARN_UNREACHABLE_CODE = YES;
				CLANG_WARN__DUPLICATE_METHOD_MATCH = YES;
				CODE_SIGN_IDENTITY = "iPhone Developer";
				COPY_PHASE_STRIP = NO;
				DEBUG_INFORMATION_FORMAT = dwarf;
				ENABLE_STRICT_OBJC_MSGSEND = YES;
				ENABLE_TESTABILITY = YES;
				GCC_C_LANGUAGE_STANDARD = gnu11;
				GCC_DYNAMIC_NO_PIC = NO;
				GCC_NO_COMMON_BLOCKS = YES;
				GCC_OPTIMIZATION_LEVEL = 0;
				GCC_PREPROCESSOR_DEFINITIONS = (
					"DEBUG=1",
					"$(inherited)",
				);
				GCC_WARN_64_TO_32_BIT_CONVERSION = YES;
				GCC_WARN_ABOUT_RETURN_TYPE = YES_ERROR;
				GCC_WARN_UNDECLARED_SELECTOR = YES;
				GCC_WARN_UNINITIALIZED_AUTOS = YES_AGGRESSIVE;
				GCC_WARN_UNUSED_FUNCTION = YES;
				GCC_WARN_UNUSED_VARIABLE = YES;
				IPHONEOS_DEPLOYMENT_TARGET = 11.2;
				MTL_ENABLE_DEBUG_INFO = YES;
				ONLY_ACTIVE_ARCH = YES;
				SDKROOT = iphoneos;
				SWIFT_ACTIVE_COMPILATION_CONDITIONS = DEBUG;
				SWIFT_OPTIMIZATION_LEVEL = "-Onone";
			};
			name = Debug;
		};
		34FCE9B2207821C300B46476 /* Release */ = {
			isa = XCBuildConfiguration;
			buildSettings = {
				ALWAYS_SEARCH_USER_PATHS = NO;
				CLANG_ANALYZER_NONNULL = YES;
				CLANG_ANALYZER_NUMBER_OBJECT_CONVERSION = YES_AGGRESSIVE;
				CLANG_CXX_LANGUAGE_STANDARD = "gnu++14";
				CLANG_CXX_LIBRARY = "libc++";
				CLANG_ENABLE_MODULES = YES;
				CLANG_ENABLE_OBJC_ARC = YES;
				CLANG_WARN_BLOCK_CAPTURE_AUTORELEASING = YES;
				CLANG_WARN_BOOL_CONVERSION = YES;
				CLANG_WARN_COMMA = YES;
				CLANG_WARN_CONSTANT_CONVERSION = YES;
				CLANG_WARN_DEPRECATED_OBJC_IMPLEMENTATIONS = YES;
				CLANG_WARN_DIRECT_OBJC_ISA_USAGE = YES_ERROR;
				CLANG_WARN_DOCUMENTATION_COMMENTS = YES;
				CLANG_WARN_EMPTY_BODY = YES;
				CLANG_WARN_ENUM_CONVERSION = YES;
				CLANG_WARN_INFINITE_RECURSION = YES;
				CLANG_WARN_INT_CONVERSION = YES;
				CLANG_WARN_NON_LITERAL_NULL_CONVERSION = YES;
				CLANG_WARN_OBJC_IMPLICIT_RETAIN_SELF = YES;
				CLANG_WARN_OBJC_LITERAL_CONVERSION = YES;
				CLANG_WARN_OBJC_ROOT_CLASS = YES_ERROR;
				CLANG_WARN_RANGE_LOOP_ANALYSIS = YES;
				CLANG_WARN_STRICT_PROTOTYPES = YES;
				CLANG_WARN_SUSPICIOUS_MOVE = YES;
				CLANG_WARN_UNGUARDED_AVAILABILITY = YES_AGGRESSIVE;
				CLANG_WARN_UNREACHABLE_CODE = YES;
				CLANG_WARN__DUPLICATE_METHOD_MATCH = YES;
				CODE_SIGN_IDENTITY = "iPhone Developer";
				COPY_PHASE_STRIP = NO;
				DEBUG_INFORMATION_FORMAT = "dwarf-with-dsym";
				ENABLE_NS_ASSERTIONS = NO;
				ENABLE_STRICT_OBJC_MSGSEND = YES;
				GCC_C_LANGUAGE_STANDARD = gnu11;
				GCC_NO_COMMON_BLOCKS = YES;
				GCC_WARN_64_TO_32_BIT_CONVERSION = YES;
				GCC_WARN_ABOUT_RETURN_TYPE = YES_ERROR;
				GCC_WARN_UNDECLARED_SELECTOR = YES;
				GCC_WARN_UNINITIALIZED_AUTOS = YES_AGGRESSIVE;
				GCC_WARN_UNUSED_FUNCTION = YES;
				GCC_WARN_UNUSED_VARIABLE = YES;
				IPHONEOS_DEPLOYMENT_TARGET = 11.2;
				MTL_ENABLE_DEBUG_INFO = NO;
				SDKROOT = iphoneos;
				SWIFT_OPTIMIZATION_LEVEL = "-Owholemodule";
				VALIDATE_PRODUCT = YES;
			};
			name = Release;
		};
		34FCE9B4207821C300B46476 /* Debug */ = {
			isa = XCBuildConfiguration;
			baseConfigurationReference = FD13DEE8F9463E08EB8AACF3 /* Pods-EnigmaAR.debug.xcconfig */;
			buildSettings = {
				ASSETCATALOG_COMPILER_APPICON_NAME = AppIcon;
				CODE_SIGN_STYLE = Automatic;
				DEVELOPMENT_TEAM = 7KB4BTXD92;
				INFOPLIST_FILE = EnigmaAR/Info.plist;
				LD_RUNPATH_SEARCH_PATHS = "$(inherited) @executable_path/Frameworks";
				PRODUCT_BUNDLE_IDENTIFIER = com.idochetrit.EnigmaAR;
				PRODUCT_NAME = "$(TARGET_NAME)";
				SWIFT_VERSION = 4.0;
				TARGETED_DEVICE_FAMILY = "1,2";
			};
			name = Debug;
		};
		34FCE9B5207821C300B46476 /* Release */ = {
			isa = XCBuildConfiguration;
			baseConfigurationReference = 24C07539FD4F64704658165B /* Pods-EnigmaAR.release.xcconfig */;
			buildSettings = {
				ASSETCATALOG_COMPILER_APPICON_NAME = AppIcon;
				CODE_SIGN_STYLE = Automatic;
				DEVELOPMENT_TEAM = 7KB4BTXD92;
				INFOPLIST_FILE = EnigmaAR/Info.plist;
				LD_RUNPATH_SEARCH_PATHS = "$(inherited) @executable_path/Frameworks";
				PRODUCT_BUNDLE_IDENTIFIER = com.idochetrit.EnigmaAR;
				PRODUCT_NAME = "$(TARGET_NAME)";
				SWIFT_VERSION = 4.0;
				TARGETED_DEVICE_FAMILY = "1,2";
			};
			name = Release;
		};
/* End XCBuildConfiguration section */

/* Begin XCConfigurationList section */
		34FCE99A207821C300B46476 /* Build configuration list for PBXProject "EnigmaAR" */ = {
			isa = XCConfigurationList;
			buildConfigurations = (
				34FCE9B1207821C300B46476 /* Debug */,
				34FCE9B2207821C300B46476 /* Release */,
			);
			defaultConfigurationIsVisible = 0;
			defaultConfigurationName = Release;
		};
		34FCE9B3207821C300B46476 /* Build configuration list for PBXNativeTarget "EnigmaAR" */ = {
			isa = XCConfigurationList;
			buildConfigurations = (
				34FCE9B4207821C300B46476 /* Debug */,
				34FCE9B5207821C300B46476 /* Release */,
			);
			defaultConfigurationIsVisible = 0;
			defaultConfigurationName = Release;
		};
/* End XCConfigurationList section */
	};
	rootObject = 34FCE997207821C300B46476 /* Project object */;
}
