// !$*UTF8*$!
{
	archiveVersion = 1;
	classes = {
	};
	objectVersion = 48;
	objects = {

/* Begin PBXBuildFile section */
		34FCE9A3207821C300B46476 /* AppDelegate.swift in Sources */ = {isa = PBXBuildFile; fileRef = 34FCE9A2207821C300B46476 /* AppDelegate.swift */; };
		34FCE9A5207821C300B46476 /* art.scnassets in Resources */ = {isa = PBXBuildFile; fileRef = 34FCE9A4207821C300B46476 /* art.scnassets */; };
		34FCE9A7207821C300B46476 /* HomeViewController.swift in Sources */ = {isa = PBXBuildFile; fileRef = 34FCE9A6207821C300B46476 /* HomeViewController.swift */; };
		34FCE9AA207821C300B46476 /* Main.storyboard in Resources */ = {isa = PBXBuildFile; fileRef = 34FCE9A8207821C300B46476 /* Main.storyboard */; };
		34FCE9AC207821C300B46476 /* Assets.xcassets in Resources */ = {isa = PBXBuildFile; fileRef = 34FCE9AB207821C300B46476 /* Assets.xcassets */; };
		34FCE9AF207821C300B46476 /* LaunchScreen.storyboard in Resources */ = {isa = PBXBuildFile; fileRef = 34FCE9AD207821C300B46476 /* LaunchScreen.storyboard */; };
		34FCE9B72078259400B46476 /* QuestViewController.swift in Sources */ = {isa = PBXBuildFile; fileRef = 34FCE9B62078259400B46476 /* QuestViewController.swift */; };
/* End PBXBuildFile section */

/* Begin PBXFileReference section */
		34FCE99F207821C300B46476 /* EnigmaAR.app */ = {isa = PBXFileReference; explicitFileType = wrapper.application; includeInIndex = 0; path = EnigmaAR.app; sourceTree = BUILT_PRODUCTS_DIR; };
		34FCE9A2207821C300B46476 /* AppDelegate.swift */ = {isa = PBXFileReference; lastKnownFileType = sourcecode.swift; path = AppDelegate.swift; sourceTree = "<group>"; };
		34FCE9A4207821C300B46476 /* art.scnassets */ = {isa = PBXFileReference; lastKnownFileType = wrapper.scnassets; path = art.scnassets; sourceTree = "<group>"; };
		34FCE9A6207821C300B46476 /* HomeViewController.swift */ = {isa = PBXFileReference; lastKnownFileType = sourcecode.swift; path = HomeViewController.swift; sourceTree = "<group>"; };
		34FCE9A9207821C300B46476 /* Base */ = {isa = PBXFileReference; lastKnownFileType = file.storyboard; name = Base; path = Base.lproj/Main.storyboard; sourceTree = "<group>"; };
		34FCE9AB207821C300B46476 /* Assets.xcassets */ = {isa = PBXFileReference; lastKnownFileType = folder.assetcatalog; path = Assets.xcassets; sourceTree = "<group>"; };
		34FCE9AE207821C300B46476 /* Base */ = {isa = PBXFileReference; lastKnownFileType = file.storyboard; name = Base; path = Base.lproj/LaunchScreen.storyboard; sourceTree = "<group>"; };
		34FCE9B0207821C300B46476 /* Info.plist */ = {isa = PBXFileReference; lastKnownFileType = text.plist.xml; path = Info.plist; sourceTree = "<group>"; };
		34FCE9B62078259400B46476 /* QuestViewController.swift */ = {isa = PBXFileReference; lastKnownFileType = sourcecode.swift; path = QuestViewController.swift; sourceTree = "<group>"; };
/* End PBXFileReference section */

/* Begin PBXFrameworksBuildPhase section */
		34FCE99C207821C300B46476 /* Frameworks */ = {
			isa = PBXFrameworksBuildPhase;
			buildActionMask = 2147483647;
			files = (
			);
			runOnlyForDeploymentPostprocessing = 0;
		};
/* End PBXFrameworksBuildPhase section */

/* Begin PBXGroup section */
		34FCE996207821C300B46476 = {
			isa = PBXGroup;
			children = (
				34FCE9A1207821C300B46476 /* EnigmaAR */,
				34FCE9A0207821C300B46476 /* Products */,
			);
			sourceTree = "<group>";
		};
		34FCE9A0207821C300B46476 /* Products */ = {
			isa = PBXGroup;
			children = (
				34FCE99F207821C300B46476 /* EnigmaAR.app */,
			);
			name = Products;
			sourceTree = "<group>";
		};
		34FCE9A1207821C300B46476 /* EnigmaAR */ = {
			isa = PBXGroup;
			children = (
				34FCE9A2207821C300B46476 /* AppDelegate.swift */,
				34FCE9A4207821C300B46476 /* art.scnassets */,
				34FCE9A6207821C300B46476 /* HomeViewController.swift */,
				34FCE9B62078259400B46476 /* QuestViewController.swift */,
				34FCE9A8207821C300B46476 /* Main.storyboard */,
				34FCE9AB207821C300B46476 /* Assets.xcassets */,
				34FCE9AD207821C300B46476 /* LaunchScreen.storyboard */,
				34FCE9B0207821C300B46476 /* Info.plist */,
			);
			path = EnigmaAR;
			sourceTree = "<group>";
		};
/* End PBXGroup section */

/* Begin PBXNativeTarget section */
		34FCE99E207821C300B46476 /* EnigmaAR */ = {
			isa = PBXNativeTarget;
			buildConfigurationList = 34FCE9B3207821C300B46476 /* Build configuration list for PBXNativeTarget "EnigmaAR" */;
			buildPhases = (
				34FCE99B207821C300B46476 /* Sources */,
				34FCE99C207821C300B46476 /* Frameworks */,
				34FCE99D207821C300B46476 /* Resources */,
			);
			buildRules = (
			);
			dependencies = (
			);
			name = EnigmaAR;
			productName = EnigmaAR;
			productReference = 34FCE99F207821C300B46476 /* EnigmaAR.app */;
			productType = "com.apple.product-type.application";
		};
/* End PBXNativeTarget section */

/* Begin PBXProject section */
		34FCE997207821C300B46476 /* Project object */ = {
			isa = PBXProject;
			attributes = {
				LastSwiftUpdateCheck = 0920;
				LastUpgradeCheck = 0920;
				ORGANIZATIONNAME = "Ido Chetrit";
				TargetAttributes = {
					34FCE99E207821C300B46476 = {
						CreatedOnToolsVersion = 9.2;
						ProvisioningStyle = Automatic;
					};
				};
			};
			buildConfigurationList = 34FCE99A207821C300B46476 /* Build configuration list for PBXProject "EnigmaAR" */;
			compatibilityVersion = "Xcode 8.0";
			developmentRegion = en;
			hasScannedForEncodings = 0;
			knownRegions = (
				en,
				Base,
			);
			mainGroup = 34FCE996207821C300B46476;
			productRefGroup = 34FCE9A0207821C300B46476 /* Products */;
			projectDirPath = "";
			projectRoot = "";
			targets = (
				34FCE99E207821C300B46476 /* EnigmaAR */,
			);
		};
/* End PBXProject section */

/* Begin PBXResourcesBuildPhase section */
		34FCE99D207821C300B46476 /* Resources */ = {
			isa = PBXResourcesBuildPhase;
			buildActionMask = 2147483647;
			files = (
				34FCE9A5207821C300B46476 /* art.scnassets in Resources */,
				34FCE9AF207821C300B46476 /* LaunchScreen.storyboard in Resources */,
				34FCE9AC207821C300B46476 /* Assets.xcassets in Resources */,
				34FCE9AA207821C300B46476 /* Main.storyboard in Resources */,
			);
			runOnlyForDeploymentPostprocessing = 0;
		};
/* End PBXResourcesBuildPhase section */

/* Begin PBXSourcesBuildPhase section */
		34FCE99B207821C300B46476 /* Sources */ = {
			isa = PBXSourcesBuildPhase;
			buildActionMask = 2147483647;
			files = (
				34FCE9A7207821C300B46476 /* HomeViewController.swift in Sources */,
				34FCE9A3207821C300B46476 /* AppDelegate.swift in Sources */,
				34FCE9B72078259400B46476 /* QuestViewController.swift in Sources */,
			);
			runOnlyForDeploymentPostprocessing = 0;
		};
/* End PBXSourcesBuildPhase section */

/* Begin PBXVariantGroup section */
		34FCE9A8207821C300B46476 /* Main.storyboard */ = {
			isa = PBXVariantGroup;
			children = (
				34FCE9A9207821C300B46476 /* Base */,
			);
			name = Main.storyboard;
			sourceTree = "<group>";
		};
		34FCE9AD207821C300B46476 /* LaunchScreen.storyboard */ = {
			isa = PBXVariantGroup;
			children = (
				34FCE9AE207821C300B46476 /* Base */,
			);
			name = LaunchScreen.storyboard;
			sourceTree = "<group>";
		};
/* End PBXVariantGroup section */

/* Begin XCBuildConfiguration section */
		34FCE9B1207821C300B46476 /* Debug */ = {
			isa = XCBuildConfiguration;
			buildSettings = {
				ALWAYS_SEARCH_USER_PATHS = NO;
				CLANG_ANALYZER_NONNULL = YES;
				CLANG_ANALYZER_NUMBER_OBJECT_CONVERSION = YES_AGGRESSIVE;
				CLANG_CXX_LANGUAGE_STANDARD = "gnu++14";
				CLANG_CXX_LIBRARY = "libc++";
				CLANG_ENABLE_MODULES = YES;
				CLANG_ENABLE_OBJC_ARC = YES;
				CLANG_WARN_BLOCK_CAPTURE_AUTORELEASING = YES;
				CLANG_WARN_BOOL_CONVERSION = YES;
				CLANG_WARN_COMMA = YES;
				CLANG_WARN_CONSTANT_CONVERSION = YES;
				CLANG_WARN_DIRECT_OBJC_ISA_USAGE = YES_ERROR;
				CLANG_WARN_DOCUMENTATION_COMMENTS = YES;
				CLANG_WARN_EMPTY_BODY = YES;
				CLANG_WARN_ENUM_CONVERSION = YES;
				CLANG_WARN_INFINITE_RECURSION = YES;
				CLANG_WARN_INT_CONVERSION = YES;
				CLANG_WARN_NON_LITERAL_NULL_CONVERSION = YES;
				CLANG_WARN_OBJC_LITERAL_CONVERSION = YES;
				CLANG_WARN_OBJC_ROOT_CLASS = YES_ERROR;
				CLANG_WARN_RANGE_LOOP_ANALYSIS = YES;
				CLANG_WARN_STRICT_PROTOTYPES = YES;
				CLANG_WARN_SUSPICIOUS_MOVE = YES;
				CLANG_WARN_UNGUARDED_AVAILABILITY = YES_AGGRESSIVE;
				CLANG_WARN_UNREACHABLE_CODE = YES;
				CLANG_WARN__DUPLICATE_METHOD_MATCH = YES;
				CODE_SIGN_IDENTITY = "iPhone Developer";
				COPY_PHASE_STRIP = NO;
				DEBUG_INFORMATION_FORMAT = dwarf;
				ENABLE_STRICT_OBJC_MSGSEND = YES;
				ENABLE_TESTABILITY = YES;
				GCC_C_LANGUAGE_STANDARD = gnu11;
				GCC_DYNAMIC_NO_PIC = NO;
				GCC_NO_COMMON_BLOCKS = YES;
				GCC_OPTIMIZATION_LEVEL = 0;
				GCC_PREPROCESSOR_DEFINITIONS = (
					"DEBUG=1",
					"$(inherited)",
				);
				GCC_WARN_64_TO_32_BIT_CONVERSION = YES;
				GCC_WARN_ABOUT_RETURN_TYPE = YES_ERROR;
				GCC_WARN_UNDECLARED_SELECTOR = YES;
				GCC_WARN_UNINITIALIZED_AUTOS = YES_AGGRESSIVE;
				GCC_WARN_UNUSED_FUNCTION = YES;
				GCC_WARN_UNUSED_VARIABLE = YES;
				IPHONEOS_DEPLOYMENT_TARGET = 11.2;
				MTL_ENABLE_DEBUG_INFO = YES;
				ONLY_ACTIVE_ARCH = YES;
				SDKROOT = iphoneos;
				SWIFT_ACTIVE_COMPILATION_CONDITIONS = DEBUG;
				SWIFT_OPTIMIZATION_LEVEL = "-Onone";
			};
			name = Debug;
		};
		34FCE9B2207821C300B46476 /* Release */ = {
			isa = XCBuildConfiguration;
			buildSettings = {
				ALWAYS_SEARCH_USER_PATHS = NO;
				CLANG_ANALYZER_NONNULL = YES;
				CLANG_ANALYZER_NUMBER_OBJECT_CONVERSION = YES_AGGRESSIVE;
				CLANG_CXX_LANGUAGE_STANDARD = "gnu++14";
				CLANG_CXX_LIBRARY = "libc++";
				CLANG_ENABLE_MODULES = YES;
				CLANG_ENABLE_OBJC_ARC = YES;
				CLANG_WARN_BLOCK_CAPTURE_AUTORELEASING = YES;
				CLANG_WARN_BOOL_CONVERSION = YES;
				CLANG_WARN_COMMA = YES;
				CLANG_WARN_CONSTANT_CONVERSION = YES;
				CLANG_WARN_DIRECT_OBJC_ISA_USAGE = YES_ERROR;
				CLANG_WARN_DOCUMENTATION_COMMENTS = YES;
				CLANG_WARN_EMPTY_BODY = YES;
				CLANG_WARN_ENUM_CONVERSION = YES;
				CLANG_WARN_INFINITE_RECURSION = YES;
				CLANG_WARN_INT_CONVERSION = YES;
				CLANG_WARN_NON_LITERAL_NULL_CONVERSION = YES;
				CLANG_WARN_OBJC_LITERAL_CONVERSION = YES;
				CLANG_WARN_OBJC_ROOT_CLASS = YES_ERROR;
				CLANG_WARN_RANGE_LOOP_ANALYSIS = YES;
				CLANG_WARN_STRICT_PROTOTYPES = YES;
				CLANG_WARN_SUSPICIOUS_MOVE = YES;
				CLANG_WARN_UNGUARDED_AVAILABILITY = YES_AGGRESSIVE;
				CLANG_WARN_UNREACHABLE_CODE = YES;
				CLANG_WARN__DUPLICATE_METHOD_MATCH = YES;
				CODE_SIGN_IDENTITY = "iPhone Developer";
				COPY_PHASE_STRIP = NO;
				DEBUG_INFORMATION_FORMAT = "dwarf-with-dsym";
				ENABLE_NS_ASSERTIONS = NO;
				ENABLE_STRICT_OBJC_MSGSEND = YES;
				GCC_C_LANGUAGE_STANDARD = gnu11;
				GCC_NO_COMMON_BLOCKS = YES;
				GCC_WARN_64_TO_32_BIT_CONVERSION = YES;
				GCC_WARN_ABOUT_RETURN_TYPE = YES_ERROR;
				GCC_WARN_UNDECLARED_SELECTOR = YES;
				GCC_WARN_UNINITIALIZED_AUTOS = YES_AGGRESSIVE;
				GCC_WARN_UNUSED_FUNCTION = YES;
				GCC_WARN_UNUSED_VARIABLE = YES;
				IPHONEOS_DEPLOYMENT_TARGET = 11.2;
				MTL_ENABLE_DEBUG_INFO = NO;
				SDKROOT = iphoneos;
				SWIFT_OPTIMIZATION_LEVEL = "-Owholemodule";
				VALIDATE_PRODUCT = YES;
			};
			name = Release;
		};
		34FCE9B4207821C300B46476 /* Debug */ = {
			isa = XCBuildConfiguration;
			buildSettings = {
				ASSETCATALOG_COMPILER_APPICON_NAME = AppIcon;
				CODE_SIGN_STYLE = Automatic;
				DEVELOPMENT_TEAM = 7KB4BTXD92;
				INFOPLIST_FILE = EnigmaAR/Info.plist;
				LD_RUNPATH_SEARCH_PATHS = "$(inherited) @executable_path/Frameworks";
				PRODUCT_BUNDLE_IDENTIFIER = com.idochetrit.EnigmaAR;
				PRODUCT_NAME = "$(TARGET_NAME)";
				SWIFT_VERSION = 4.0;
				TARGETED_DEVICE_FAMILY = "1,2";
			};
			name = Debug;
		};
		34FCE9B5207821C300B46476 /* Release */ = {
			isa = XCBuildConfiguration;
			buildSettings = {
				ASSETCATALOG_COMPILER_APPICON_NAME = AppIcon;
				CODE_SIGN_STYLE = Automatic;
				DEVELOPMENT_TEAM = 7KB4BTXD92;
				INFOPLIST_FILE = EnigmaAR/Info.plist;
				LD_RUNPATH_SEARCH_PATHS = "$(inherited) @executable_path/Frameworks";
				PRODUCT_BUNDLE_IDENTIFIER = com.idochetrit.EnigmaAR;
				PRODUCT_NAME = "$(TARGET_NAME)";
				SWIFT_VERSION = 4.0;
				TARGETED_DEVICE_FAMILY = "1,2";
			};
			name = Release;
		};
/* End XCBuildConfiguration section */

/* Begin XCConfigurationList section */
		34FCE99A207821C300B46476 /* Build configuration list for PBXProject "EnigmaAR" */ = {
			isa = XCConfigurationList;
			buildConfigurations = (
				34FCE9B1207821C300B46476 /* Debug */,
				34FCE9B2207821C300B46476 /* Release */,
			);
			defaultConfigurationIsVisible = 0;
			defaultConfigurationName = Release;
		};
		34FCE9B3207821C300B46476 /* Build configuration list for PBXNativeTarget "EnigmaAR" */ = {
			isa = XCConfigurationList;
			buildConfigurations = (
				34FCE9B4207821C300B46476 /* Debug */,
				34FCE9B5207821C300B46476 /* Release */,
			);
			defaultConfigurationIsVisible = 0;
			defaultConfigurationName = Release;
		};
/* End XCConfigurationList section */
	};
	rootObject = 34FCE997207821C300B46476 /* Project object */;
}
